// !$*UTF8*$!
{
	archiveVersion = 1;
	classes = {
	};
	objectVersion = 48;
	objects = {

/* Begin PBXBuildFile section */
		9B6A40821FCC7C26004AF7AE /* TableViewDatas.swift in Sources */ = {isa = PBXBuildFile; fileRef = 9B6A40811FCC7C26004AF7AE /* TableViewDatas.swift */; };
		9B6A40861FCCBAC3004AF7AE /* StudentsGrades.swift in Sources */ = {isa = PBXBuildFile; fileRef = 9B6A40851FCCBAC3004AF7AE /* StudentsGrades.swift */; };
		BF39C5521FCEB47100E02D70 /* Calculate.swift in Sources */ = {isa = PBXBuildFile; fileRef = BF39C5511FCEB47100E02D70 /* Calculate.swift */; };
		BF91FB411FC55DD8009332AC /* AppDelegate.swift in Sources */ = {isa = PBXBuildFile; fileRef = BF91FB401FC55DD8009332AC /* AppDelegate.swift */; };
		BF91FB431FC55DD8009332AC /* SignIn.swift in Sources */ = {isa = PBXBuildFile; fileRef = BF91FB421FC55DD8009332AC /* SignIn.swift */; };
		BF91FB461FC55DD8009332AC /* Main.storyboard in Resources */ = {isa = PBXBuildFile; fileRef = BF91FB441FC55DD8009332AC /* Main.storyboard */; };
		BF91FB481FC55DD8009332AC /* Assets.xcassets in Resources */ = {isa = PBXBuildFile; fileRef = BF91FB471FC55DD8009332AC /* Assets.xcassets */; };
		BF91FB4B1FC55DD8009332AC /* LaunchScreen.storyboard in Resources */ = {isa = PBXBuildFile; fileRef = BF91FB491FC55DD8009332AC /* LaunchScreen.storyboard */; };
		BF91FB531FC55EAE009332AC /* SignUp.swift in Sources */ = {isa = PBXBuildFile; fileRef = BF91FB521FC55EAE009332AC /* SignUp.swift */; };
		BF91FB571FC56086009332AC /* MainChoices.swift in Sources */ = {isa = PBXBuildFile; fileRef = BF91FB561FC56086009332AC /* MainChoices.swift */; };
		BF91FB5D1FC5637F009332AC /* SaveLoadMenager.swift in Sources */ = {isa = PBXBuildFile; fileRef = BF91FB5C1FC5637F009332AC /* SaveLoadMenager.swift */; };
		BF91FB631FC56A03009332AC /* Styles.swift in Sources */ = {isa = PBXBuildFile; fileRef = BF91FB621FC56A03009332AC /* Styles.swift */; };
/* End PBXBuildFile section */

/* Begin PBXFileReference section */
		9B6A40811FCC7C26004AF7AE /* TableViewDatas.swift */ = {isa = PBXFileReference; lastKnownFileType = sourcecode.swift; path = TableViewDatas.swift; sourceTree = "<group>"; };
		9B6A40851FCCBAC3004AF7AE /* StudentsGrades.swift */ = {isa = PBXFileReference; lastKnownFileType = sourcecode.swift; path = StudentsGrades.swift; sourceTree = "<group>"; };
		BF39C5511FCEB47100E02D70 /* Calculate.swift */ = {isa = PBXFileReference; lastKnownFileType = sourcecode.swift; path = Calculate.swift; sourceTree = "<group>"; };
		BF91FB3D1FC55DD8009332AC /* Evaluation+.app */ = {isa = PBXFileReference; explicitFileType = wrapper.application; includeInIndex = 0; path = "Evaluation+.app"; sourceTree = BUILT_PRODUCTS_DIR; };
		BF91FB401FC55DD8009332AC /* AppDelegate.swift */ = {isa = PBXFileReference; lastKnownFileType = sourcecode.swift; path = AppDelegate.swift; sourceTree = "<group>"; };
		BF91FB421FC55DD8009332AC /* SignIn.swift */ = {isa = PBXFileReference; lastKnownFileType = sourcecode.swift; path = SignIn.swift; sourceTree = "<group>"; };
		BF91FB451FC55DD8009332AC /* Base */ = {isa = PBXFileReference; lastKnownFileType = file.storyboard; name = Base; path = Base.lproj/Main.storyboard; sourceTree = "<group>"; };
		BF91FB471FC55DD8009332AC /* Assets.xcassets */ = {isa = PBXFileReference; lastKnownFileType = folder.assetcatalog; path = Assets.xcassets; sourceTree = "<group>"; };
		BF91FB4A1FC55DD8009332AC /* Base */ = {isa = PBXFileReference; lastKnownFileType = file.storyboard; name = Base; path = Base.lproj/LaunchScreen.storyboard; sourceTree = "<group>"; };
		BF91FB4C1FC55DD8009332AC /* Info.plist */ = {isa = PBXFileReference; lastKnownFileType = text.plist.xml; path = Info.plist; sourceTree = "<group>"; };
		BF91FB521FC55EAE009332AC /* SignUp.swift */ = {isa = PBXFileReference; lastKnownFileType = sourcecode.swift; path = SignUp.swift; sourceTree = "<group>"; };
		BF91FB561FC56086009332AC /* MainChoices.swift */ = {isa = PBXFileReference; lastKnownFileType = sourcecode.swift; path = MainChoices.swift; sourceTree = "<group>"; };
		BF91FB5C1FC5637F009332AC /* SaveLoadMenager.swift */ = {isa = PBXFileReference; fileEncoding = 4; lastKnownFileType = sourcecode.swift; path = SaveLoadMenager.swift; sourceTree = "<group>"; };
		BF91FB621FC56A03009332AC /* Styles.swift */ = {isa = PBXFileReference; fileEncoding = 4; lastKnownFileType = sourcecode.swift; path = Styles.swift; sourceTree = "<group>"; };
/* End PBXFileReference section */

/* Begin PBXFrameworksBuildPhase section */
		BF91FB3A1FC55DD8009332AC /* Frameworks */ = {
			isa = PBXFrameworksBuildPhase;
			buildActionMask = 2147483647;
			files = (
			);
			runOnlyForDeploymentPostprocessing = 0;
		};
/* End PBXFrameworksBuildPhase section */

/* Begin PBXGroup section */
		BF91FB341FC55DD8009332AC = {
			isa = PBXGroup;
			children = (
				BF91FB3F1FC55DD8009332AC /* Evaluation+ */,
				BF91FB3E1FC55DD8009332AC /* Products */,
			);
			sourceTree = "<group>";
		};
		BF91FB3E1FC55DD8009332AC /* Products */ = {
			isa = PBXGroup;
			children = (
				BF91FB3D1FC55DD8009332AC /* Evaluation+.app */,
			);
			name = Products;
			sourceTree = "<group>";
		};
		BF91FB3F1FC55DD8009332AC /* Evaluation+ */ = {
			isa = PBXGroup;
			children = (
				BF91FB601FC5642D009332AC /* interfaces */,
				BF91FB5F1FC563C3009332AC /* classes */,
				BF91FB5E1FC56390009332AC /* controllers */,
				BF91FB611FC5644D009332AC /* assets */,
			);
			path = "Evaluation+";
			sourceTree = "<group>";
		};
		BF91FB5E1FC56390009332AC /* controllers */ = {
			isa = PBXGroup;
			children = (
				9B6A40811FCC7C26004AF7AE /* TableViewDatas.swift */,
				BF91FB421FC55DD8009332AC /* SignIn.swift */,
				BF91FB521FC55EAE009332AC /* SignUp.swift */,
				BF91FB561FC56086009332AC /* MainChoices.swift */,
				9B6A40851FCCBAC3004AF7AE /* StudentsGrades.swift */,
			);
			name = controllers;
			sourceTree = "<group>";
		};
		BF91FB5F1FC563C3009332AC /* classes */ = {
			isa = PBXGroup;
			children = (
				BF91FB621FC56A03009332AC /* Styles.swift */,
				BF91FB5C1FC5637F009332AC /* SaveLoadMenager.swift */,
				BF39C5511FCEB47100E02D70 /* Calculate.swift */,
			);
			name = classes;
			sourceTree = "<group>";
		};
		BF91FB601FC5642D009332AC /* interfaces */ = {
			isa = PBXGroup;
			children = (
				BF91FB441FC55DD8009332AC /* Main.storyboard */,
			);
			name = interfaces;
			sourceTree = "<group>";
		};
		BF91FB611FC5644D009332AC /* assets */ = {
			isa = PBXGroup;
			children = (
				BF91FB401FC55DD8009332AC /* AppDelegate.swift */,
				BF91FB491FC55DD8009332AC /* LaunchScreen.storyboard */,
				BF91FB471FC55DD8009332AC /* Assets.xcassets */,
				BF91FB4C1FC55DD8009332AC /* Info.plist */,
			);
			name = assets;
			sourceTree = "<group>";
		};
/* End PBXGroup section */

/* Begin PBXNativeTarget section */
		BF91FB3C1FC55DD8009332AC /* Evaluation+ */ = {
			isa = PBXNativeTarget;
			buildConfigurationList = BF91FB4F1FC55DD8009332AC /* Build configuration list for PBXNativeTarget "Evaluation+" */;
			buildPhases = (
				BF91FB391FC55DD8009332AC /* Sources */,
				BF91FB3A1FC55DD8009332AC /* Frameworks */,
				BF91FB3B1FC55DD8009332AC /* Resources */,
			);
			buildRules = (
			);
			dependencies = (
			);
			name = "Evaluation+";
			productName = "Evaluation+";
			productReference = BF91FB3D1FC55DD8009332AC /* Evaluation+.app */;
			productType = "com.apple.product-type.application";
		};
/* End PBXNativeTarget section */

/* Begin PBXProject section */
		BF91FB351FC55DD8009332AC /* Project object */ = {
			isa = PBXProject;
			attributes = {
				LastSwiftUpdateCheck = 0910;
				LastUpgradeCheck = 0910;
				ORGANIZATIONNAME = "Concordia Continuing Education (CCE)";
				TargetAttributes = {
					BF91FB3C1FC55DD8009332AC = {
						CreatedOnToolsVersion = 9.1;
						LastSwiftMigration = 0910;
						ProvisioningStyle = Automatic;
					};
				};
			};
			buildConfigurationList = BF91FB381FC55DD8009332AC /* Build configuration list for PBXProject "Evaluation+" */;
			compatibilityVersion = "Xcode 8.0";
			developmentRegion = en;
			hasScannedForEncodings = 0;
			knownRegions = (
				en,
				Base,
			);
			mainGroup = BF91FB341FC55DD8009332AC;
			productRefGroup = BF91FB3E1FC55DD8009332AC /* Products */;
			projectDirPath = "";
			projectRoot = "";
			targets = (
				BF91FB3C1FC55DD8009332AC /* Evaluation+ */,
			);
		};
/* End PBXProject section */

/* Begin PBXResourcesBuildPhase section */
		BF91FB3B1FC55DD8009332AC /* Resources */ = {
			isa = PBXResourcesBuildPhase;
			buildActionMask = 2147483647;
			files = (
				BF91FB4B1FC55DD8009332AC /* LaunchScreen.storyboard in Resources */,
				BF91FB481FC55DD8009332AC /* Assets.xcassets in Resources */,
				BF91FB461FC55DD8009332AC /* Main.storyboard in Resources */,
			);
			runOnlyForDeploymentPostprocessing = 0;
		};
/* End PBXResourcesBuildPhase section */

/* Begin PBXSourcesBuildPhase section */
		BF91FB391FC55DD8009332AC /* Sources */ = {
			isa = PBXSourcesBuildPhase;
			buildActionMask = 2147483647;
			files = (
				BF91FB431FC55DD8009332AC /* SignIn.swift in Sources */,
				BF91FB5D1FC5637F009332AC /* SaveLoadMenager.swift in Sources */,
				BF91FB531FC55EAE009332AC /* SignUp.swift in Sources */,
				BF39C5521FCEB47100E02D70 /* Calculate.swift in Sources */,
				BF91FB631FC56A03009332AC /* Styles.swift in Sources */,
				BF91FB411FC55DD8009332AC /* AppDelegate.swift in Sources */,
				BF91FB571FC56086009332AC /* MainChoices.swift in Sources */,
				9B6A40821FCC7C26004AF7AE /* TableViewDatas.swift in Sources */,
				9B6A40861FCCBAC3004AF7AE /* StudentsGrades.swift in Sources */,
			);
			runOnlyForDeploymentPostprocessing = 0;
		};
/* End PBXSourcesBuildPhase section */

/* Begin PBXVariantGroup section */
		BF91FB441FC55DD8009332AC /* Main.storyboard */ = {
			isa = PBXVariantGroup;
			children = (
				BF91FB451FC55DD8009332AC /* Base */,
			);
			name = Main.storyboard;
			sourceTree = "<group>";
		};
		BF91FB491FC55DD8009332AC /* LaunchScreen.storyboard */ = {
			isa = PBXVariantGroup;
			children = (
				BF91FB4A1FC55DD8009332AC /* Base */,
			);
			name = LaunchScreen.storyboard;
			sourceTree = "<group>";
		};
/* End PBXVariantGroup section */

/* Begin XCBuildConfiguration section */
		BF91FB4D1FC55DD8009332AC /* Debug */ = {
			isa = XCBuildConfiguration;
			buildSettings = {
				ALWAYS_SEARCH_USER_PATHS = NO;
				CLANG_ANALYZER_NONNULL = YES;
				CLANG_ANALYZER_NUMBER_OBJECT_CONVERSION = YES_AGGRESSIVE;
				CLANG_CXX_LANGUAGE_STANDARD = "gnu++14";
				CLANG_CXX_LIBRARY = "libc++";
				CLANG_ENABLE_MODULES = YES;
				CLANG_ENABLE_OBJC_ARC = YES;
				CLANG_WARN_BLOCK_CAPTURE_AUTORELEASING = YES;
				CLANG_WARN_BOOL_CONVERSION = YES;
				CLANG_WARN_COMMA = YES;
				CLANG_WARN_CONSTANT_CONVERSION = YES;
				CLANG_WARN_DIRECT_OBJC_ISA_USAGE = YES_ERROR;
				CLANG_WARN_DOCUMENTATION_COMMENTS = YES;
				CLANG_WARN_EMPTY_BODY = YES;
				CLANG_WARN_ENUM_CONVERSION = YES;
				CLANG_WARN_INFINITE_RECURSION = YES;
				CLANG_WARN_INT_CONVERSION = YES;
				CLANG_WARN_NON_LITERAL_NULL_CONVERSION = YES;
				CLANG_WARN_OBJC_LITERAL_CONVERSION = YES;
				CLANG_WARN_OBJC_ROOT_CLASS = YES_ERROR;
				CLANG_WARN_RANGE_LOOP_ANALYSIS = YES;
				CLANG_WARN_STRICT_PROTOTYPES = YES;
				CLANG_WARN_SUSPICIOUS_MOVE = YES;
				CLANG_WARN_UNGUARDED_AVAILABILITY = YES_AGGRESSIVE;
				CLANG_WARN_UNREACHABLE_CODE = YES;
				CLANG_WARN__DUPLICATE_METHOD_MATCH = YES;
				CODE_SIGN_IDENTITY = "iPhone Developer";
				COPY_PHASE_STRIP = NO;
				DEBUG_INFORMATION_FORMAT = dwarf;
				ENABLE_STRICT_OBJC_MSGSEND = YES;
				ENABLE_TESTABILITY = YES;
				GCC_C_LANGUAGE_STANDARD = gnu11;
				GCC_DYNAMIC_NO_PIC = NO;
				GCC_NO_COMMON_BLOCKS = YES;
				GCC_OPTIMIZATION_LEVEL = 0;
				GCC_PREPROCESSOR_DEFINITIONS = (
					"DEBUG=1",
					"$(inherited)",
				);
				GCC_WARN_64_TO_32_BIT_CONVERSION = YES;
				GCC_WARN_ABOUT_RETURN_TYPE = YES_ERROR;
				GCC_WARN_UNDECLARED_SELECTOR = YES;
				GCC_WARN_UNINITIALIZED_AUTOS = YES_AGGRESSIVE;
				GCC_WARN_UNUSED_FUNCTION = YES;
				GCC_WARN_UNUSED_VARIABLE = YES;
				IPHONEOS_DEPLOYMENT_TARGET = 11.1;
				MTL_ENABLE_DEBUG_INFO = YES;
				ONLY_ACTIVE_ARCH = YES;
				SDKROOT = iphoneos;
				SWIFT_ACTIVE_COMPILATION_CONDITIONS = DEBUG;
				SWIFT_OPTIMIZATION_LEVEL = "-Onone";
			};
			name = Debug;
		};
		BF91FB4E1FC55DD8009332AC /* Release */ = {
			isa = XCBuildConfiguration;
			buildSettings = {
				ALWAYS_SEARCH_USER_PATHS = NO;
				CLANG_ANALYZER_NONNULL = YES;
				CLANG_ANALYZER_NUMBER_OBJECT_CONVERSION = YES_AGGRESSIVE;
				CLANG_CXX_LANGUAGE_STANDARD = "gnu++14";
				CLANG_CXX_LIBRARY = "libc++";
				CLANG_ENABLE_MODULES = YES;
				CLANG_ENABLE_OBJC_ARC = YES;
				CLANG_WARN_BLOCK_CAPTURE_AUTORELEASING = YES;
				CLANG_WARN_BOOL_CONVERSION = YES;
				CLANG_WARN_COMMA = YES;
				CLANG_WARN_CONSTANT_CONVERSION = YES;
				CLANG_WARN_DIRECT_OBJC_ISA_USAGE = YES_ERROR;
				CLANG_WARN_DOCUMENTATION_COMMENTS = YES;
				CLANG_WARN_EMPTY_BODY = YES;
				CLANG_WARN_ENUM_CONVERSION = YES;
				CLANG_WARN_INFINITE_RECURSION = YES;
				CLANG_WARN_INT_CONVERSION = YES;
				CLANG_WARN_NON_LITERAL_NULL_CONVERSION = YES;
				CLANG_WARN_OBJC_LITERAL_CONVERSION = YES;
				CLANG_WARN_OBJC_ROOT_CLASS = YES_ERROR;
				CLANG_WARN_RANGE_LOOP_ANALYSIS = YES;
				CLANG_WARN_STRICT_PROTOTYPES = YES;
				CLANG_WARN_SUSPICIOUS_MOVE = YES;
				CLANG_WARN_UNGUARDED_AVAILABILITY = YES_AGGRESSIVE;
				CLANG_WARN_UNREACHABLE_CODE = YES;
				CLANG_WARN__DUPLICATE_METHOD_MATCH = YES;
				CODE_SIGN_IDENTITY = "iPhone Developer";
				COPY_PHASE_STRIP = NO;
				DEBUG_INFORMATION_FORMAT = "dwarf-with-dsym";
				ENABLE_NS_ASSERTIONS = NO;
				ENABLE_STRICT_OBJC_MSGSEND = YES;
				GCC_C_LANGUAGE_STANDARD = gnu11;
				GCC_NO_COMMON_BLOCKS = YES;
				GCC_WARN_64_TO_32_BIT_CONVERSION = YES;
				GCC_WARN_ABOUT_RETURN_TYPE = YES_ERROR;
				GCC_WARN_UNDECLARED_SELECTOR = YES;
				GCC_WARN_UNINITIALIZED_AUTOS = YES_AGGRESSIVE;
				GCC_WARN_UNUSED_FUNCTION = YES;
				GCC_WARN_UNUSED_VARIABLE = YES;
				IPHONEOS_DEPLOYMENT_TARGET = 11.1;
				MTL_ENABLE_DEBUG_INFO = NO;
				SDKROOT = iphoneos;
				SWIFT_OPTIMIZATION_LEVEL = "-Owholemodule";
				VALIDATE_PRODUCT = YES;
			};
			name = Release;
		};
		BF91FB501FC55DD8009332AC /* Debug */ = {
			isa = XCBuildConfiguration;
			buildSettings = {
				ASSETCATALOG_COMPILER_APPICON_NAME = AppIcon;
				CLANG_ENABLE_MODULES = YES;
				CODE_SIGN_STYLE = Automatic;
				DEVELOPMENT_TEAM = "";
				INFOPLIST_FILE = "Evaluation+/Info.plist";
				LD_RUNPATH_SEARCH_PATHS = "$(inherited) @executable_path/Frameworks";
				PRODUCT_BUNDLE_IDENTIFIER = "cce.com.gomes.Evaluation-";
				PRODUCT_NAME = "$(TARGET_NAME)";
				SWIFT_OPTIMIZATION_LEVEL = "-Onone";
				SWIFT_VERSION = 4.0;
				TARGETED_DEVICE_FAMILY = "1,2";
			};
			name = Debug;
		};
		BF91FB511FC55DD8009332AC /* Release */ = {
			isa = XCBuildConfiguration;
			buildSettings = {
				ASSETCATALOG_COMPILER_APPICON_NAME = AppIcon;
				CLANG_ENABLE_MODULES = YES;
				CODE_SIGN_STYLE = Automatic;
				DEVELOPMENT_TEAM = "";
				INFOPLIST_FILE = "Evaluation+/Info.plist";
				LD_RUNPATH_SEARCH_PATHS = "$(inherited) @executable_path/Frameworks";
				PRODUCT_BUNDLE_IDENTIFIER = "cce.com.gomes.Evaluation-";
				PRODUCT_NAME = "$(TARGET_NAME)";
				SWIFT_VERSION = 4.0;
				TARGETED_DEVICE_FAMILY = "1,2";
			};
			name = Release;
		};
/* End XCBuildConfiguration section */

/* Begin XCConfigurationList section */
		BF91FB381FC55DD8009332AC /* Build configuration list for PBXProject "Evaluation+" */ = {
			isa = XCConfigurationList;
			buildConfigurations = (
				BF91FB4D1FC55DD8009332AC /* Debug */,
				BF91FB4E1FC55DD8009332AC /* Release */,
			);
			defaultConfigurationIsVisible = 0;
			defaultConfigurationName = Release;
		};
		BF91FB4F1FC55DD8009332AC /* Build configuration list for PBXNativeTarget "Evaluation+" */ = {
			isa = XCConfigurationList;
			buildConfigurations = (
				BF91FB501FC55DD8009332AC /* Debug */,
				BF91FB511FC55DD8009332AC /* Release */,
			);
			defaultConfigurationIsVisible = 0;
			defaultConfigurationName = Release;
		};
/* End XCConfigurationList section */
	};
	rootObject = BF91FB351FC55DD8009332AC /* Project object */;
}
